
Microsoft Visual Studio Solution File, Format Version 12.00
# Visual Studio 14
VisualStudioVersion = 14.0.25420.1
MinimumVisualStudioVersion = 10.0.40219.1
Project("{2150E333-8FDC-42A3-9474-1A3956D46DE8}") = "src", "src", "{589EADAF-9B0D-4E65-A5A6-B189CCB65580}"
EndProject
Project("{2150E333-8FDC-42A3-9474-1A3956D46DE8}") = "Solution Items", "Solution Items", "{0A166B7B-3103-40BD-ACF1-4DCD0099025E}"
	ProjectSection(SolutionItems) = preProject
		global.json = global.json
	EndProjectSection
EndProject
Project("{8BB2217D-0F2D-49D1-97BC-3654ED321F3B}") = "Rush", "src\Rush\Rush.xproj", "{C4DF45BB-9426-49CF-93BE-6941942A1B97}"
EndProject
Project("{2150E333-8FDC-42A3-9474-1A3956D46DE8}") = "tests", "tests", "{3E0E2161-7D0D-4C10-BA79-F80620CB5EDB}"
EndProject
Project("{8BB2217D-0F2D-49D1-97BC-3654ED321F3B}") = "Rush.Tests", "tests\Rush.Tests\Rush.Tests.xproj", "{FF133A4A-9815-40D6-B2D7-4F8A69745236}"
EndProject
Project("{8BB2217D-0F2D-49D1-97BC-3654ED321F3B}") = "Rush.InMemory", "src\Rush.InMemory\Rush.InMemory.xproj", "{D085FD12-A95B-4751-8D69-3B2ECF572C10}"
EndProject
Project("{8BB2217D-0F2D-49D1-97BC-3654ED321F3B}") = "Rush.InMemoryTests", "tests\Rush.InMemoryTests\Rush.InMemoryTests.xproj", "{62DFDFCE-7D53-41B7-9F8A-E2FD93D3B12E}"
EndProject
Project("{8BB2217D-0F2D-49D1-97BC-3654ED321F3B}") = "Rush.Azure", "src\Rush.Azure\Rush.Azure.xproj", "{BEA5E76F-D95C-4004-8D33-A2ADD6637B41}"
EndProject
Project("{8BB2217D-0F2D-49D1-97BC-3654ED321F3B}") = "Rush.AzureTests", "tests\Rush.AzureTests\Rush.AzureTests.xproj", "{CAF931EC-CD89-4FFC-8FCA-7D431041CDD6}"
EndProject
Global
	GlobalSection(SolutionConfigurationPlatforms) = preSolution
		Debug|Any CPU = Debug|Any CPU
		Release|Any CPU = Release|Any CPU
	EndGlobalSection
	GlobalSection(ProjectConfigurationPlatforms) = postSolution
		{C4DF45BB-9426-49CF-93BE-6941942A1B97}.Debug|Any CPU.ActiveCfg = Debug|Any CPU
		{C4DF45BB-9426-49CF-93BE-6941942A1B97}.Debug|Any CPU.Build.0 = Debug|Any CPU
		{C4DF45BB-9426-49CF-93BE-6941942A1B97}.Release|Any CPU.ActiveCfg = Release|Any CPU
		{C4DF45BB-9426-49CF-93BE-6941942A1B97}.Release|Any CPU.Build.0 = Release|Any CPU
		{FF133A4A-9815-40D6-B2D7-4F8A69745236}.Debug|Any CPU.ActiveCfg = Debug|Any CPU
		{FF133A4A-9815-40D6-B2D7-4F8A69745236}.Debug|Any CPU.Build.0 = Debug|Any CPU
		{FF133A4A-9815-40D6-B2D7-4F8A69745236}.Release|Any CPU.ActiveCfg = Release|Any CPU
		{FF133A4A-9815-40D6-B2D7-4F8A69745236}.Release|Any CPU.Build.0 = Release|Any CPU
		{D085FD12-A95B-4751-8D69-3B2ECF572C10}.Debug|Any CPU.ActiveCfg = Debug|Any CPU
		{D085FD12-A95B-4751-8D69-3B2ECF572C10}.Debug|Any CPU.Build.0 = Debug|Any CPU
		{D085FD12-A95B-4751-8D69-3B2ECF572C10}.Release|Any CPU.ActiveCfg = Release|Any CPU
		{D085FD12-A95B-4751-8D69-3B2ECF572C10}.Release|Any CPU.Build.0 = Release|Any CPU
		{62DFDFCE-7D53-41B7-9F8A-E2FD93D3B12E}.Debug|Any CPU.ActiveCfg = Debug|Any CPU
		{62DFDFCE-7D53-41B7-9F8A-E2FD93D3B12E}.Debug|Any CPU.Build.0 = Debug|Any CPU
		{62DFDFCE-7D53-41B7-9F8A-E2FD93D3B12E}.Release|Any CPU.ActiveCfg = Release|Any CPU
		{62DFDFCE-7D53-41B7-9F8A-E2FD93D3B12E}.Release|Any CPU.Build.0 = Release|Any CPU
		{BEA5E76F-D95C-4004-8D33-A2ADD6637B41}.Debug|Any CPU.ActiveCfg = Debug|Any CPU
		{BEA5E76F-D95C-4004-8D33-A2ADD6637B41}.Debug|Any CPU.Build.0 = Debug|Any CPU
		{BEA5E76F-D95C-4004-8D33-A2ADD6637B41}.Release|Any CPU.ActiveCfg = Release|Any CPU
		{BEA5E76F-D95C-4004-8D33-A2ADD6637B41}.Release|Any CPU.Build.0 = Release|Any CPU
		{CAF931EC-CD89-4FFC-8FCA-7D431041CDD6}.Debug|Any CPU.ActiveCfg = Debug|Any CPU
		{CAF931EC-CD89-4FFC-8FCA-7D431041CDD6}.Debug|Any CPU.Build.0 = Debug|Any CPU
		{CAF931EC-CD89-4FFC-8FCA-7D431041CDD6}.Release|Any CPU.ActiveCfg = Release|Any CPU
		{CAF931EC-CD89-4FFC-8FCA-7D431041CDD6}.Release|Any CPU.Build.0 = Release|Any CPU
	EndGlobalSection
	GlobalSection(SolutionProperties) = preSolution
		HideSolutionNode = FALSE
	EndGlobalSection
	GlobalSection(NestedProjects) = preSolution
		{C4DF45BB-9426-49CF-93BE-6941942A1B97} = {589EADAF-9B0D-4E65-A5A6-B189CCB65580}
		{FF133A4A-9815-40D6-B2D7-4F8A69745236} = {3E0E2161-7D0D-4C10-BA79-F80620CB5EDB}
		{D085FD12-A95B-4751-8D69-3B2ECF572C10} = {589EADAF-9B0D-4E65-A5A6-B189CCB65580}
		{62DFDFCE-7D53-41B7-9F8A-E2FD93D3B12E} = {3E0E2161-7D0D-4C10-BA79-F80620CB5EDB}
		{BEA5E76F-D95C-4004-8D33-A2ADD6637B41} = {589EADAF-9B0D-4E65-A5A6-B189CCB65580}
		{CAF931EC-CD89-4FFC-8FCA-7D431041CDD6} = {3E0E2161-7D0D-4C10-BA79-F80620CB5EDB}
	EndGlobalSection
EndGlobal
